<?xml version="1.0" encoding="UTF-8" standalone="yes" ?>
<CodeBlocks_project_file>
	<FileVersion major="1" minor="6" />
	<Project>
		<Option title="YoshiBB" />
		<Option pch_mode="2" />
		<Option compiler="gcc" />
		<Build>
			<Target title="Debug">
				<Option output="bin/Debug/YoshiBB" prefix_auto="1" extension_auto="1" />
				<Option object_output="obj/Debug/" />
				<Option type="1" />
				<Option compiler="gcc" />
				<Compiler>
					<Add option="-g" />
				</Compiler>
			</Target>
			<Target title="Release">
				<Option output="bin/Release/YoshiBB" prefix_auto="1" extension_auto="1" />
				<Option object_output="obj/Release/" />
				<Option type="1" />
				<Option compiler="gcc" />
				<Compiler>
					<Add option="-O2" />
				</Compiler>
				<Linker>
					<Add option="-s" />
				</Linker>
			</Target>
		</Build>
		<Compiler>
			<Add option="-Wall" />
			<Add option="-fexceptions" />
		</Compiler>
		<Unit filename="main.cpp" />
		<Unit filename="main.h" />
		<Unit filename="msty/quit.h" />
		<Unit filename="msty/socket.h" />
		<Unit filename="msty/strtools.h" />
		<Unit filename="msty/vector.h" />
		<Unit filename="src/forum/Forum.cpp" />
		<Unit filename="src/forum/Forum.h" />
		<Unit filename="src/forum/Groups.cpp" />
		<Unit filename="src/forum/Groups.h" />
		<Unit filename="src/forum/uint256.cpp" />
		<Unit filename="src/forum/uint256.h" />
		<Unit filename="src/forum/util.cpp" />
		<Unit filename="src/forum/util.h" />
		<Unit filename="src/http/database.cpp" />
		<Unit filename="src/http/database.h" />
		<Unit filename="src/http/http.cpp" />
		<Unit filename="src/http/http.h" />
		<Extensions>
			<code_completion />
			<debugger />
			<envvars />
		</Extensions>
	</Project>
</CodeBlocks_project_file>
